
Microsoft Visual Studio Solution File, Format Version 12.00
# Visual Studio Version 17
VisualStudioVersion = 17.8.34316.72
MinimumVisualStudioVersion = 10.0.40219.1
Project("{FAE04EC0-301F-11D3-BF4B-00C04F79EFBC}") = "Solution.FrontEnd.TodoList", "Solution.FrontEnd.TodoList\Solution.FrontEnd.TodoList.csproj", "{66D31797-F334-467A-89A1-EE325E63E211}"
EndProject
Project("{FAE04EC0-301F-11D3-BF4B-00C04F79EFBC}") = "Solution.FrontEnd.W", "Solution.FrontEnd.W\Solution.FrontEnd.W.csproj", "{E8F698CC-4974-48EF-B084-4C133171DA14}"
EndProject
Global
	GlobalSection(SolutionConfigurationPlatforms) = preSolution
		Debug|Any CPU = Debug|Any CPU
		Release|Any CPU = Release|Any CPU
	EndGlobalSection
	GlobalSection(ProjectConfigurationPlatforms) = postSolution
		{66D31797-F334-467A-89A1-EE325E63E211}.Debug|Any CPU.ActiveCfg = Debug|Any CPU
		{66D31797-F334-467A-89A1-EE325E63E211}.Debug|Any CPU.Build.0 = Debug|Any CPU
		{66D31797-F334-467A-89A1-EE325E63E211}.Release|Any CPU.ActiveCfg = Release|Any CPU
		{66D31797-F334-467A-89A1-EE325E63E211}.Release|Any CPU.Build.0 = Release|Any CPU
		{E8F698CC-4974-48EF-B084-4C133171DA14}.Debug|Any CPU.ActiveCfg = Debug|Any CPU
		{E8F698CC-4974-48EF-B084-4C133171DA14}.Debug|Any CPU.Build.0 = Debug|Any CPU
		{E8F698CC-4974-48EF-B084-4C133171DA14}.Release|Any CPU.ActiveCfg = Release|Any CPU
		{E8F698CC-4974-48EF-B084-4C133171DA14}.Release|Any CPU.Build.0 = Release|Any CPU
	EndGlobalSection
	GlobalSection(SolutionProperties) = preSolution
		HideSolutionNode = FALSE
	EndGlobalSection
	GlobalSection(ExtensibilityGlobals) = postSolution
		SolutionGuid = {220432FA-EC21-46C7-B0EB-10F0F6DB9A98}
	EndGlobalSection
EndGlobal
